
Microsoft Visual Studio Solution File, Format Version 12.00
# Visual Studio Version 16
VisualStudioVersion = 16.0.31129.286
MinimumVisualStudioVersion = 10.0.40219.1
Project("{D2ABAB84-BF74-430A-B69E-9DC6D40DDA17}") = "AS_MovieFac", "AS_MovieFac\AS_MovieFac.dwproj", "{17A4F875-324B-43D8-9D12-E601FE185896}"
EndProject
Global
	GlobalSection(SolutionConfigurationPlatforms) = preSolution
		Development|Default = Development|Default
	EndGlobalSection
	GlobalSection(ProjectConfigurationPlatforms) = postSolution
		{17A4F875-324B-43D8-9D12-E601FE185896}.Development|Default.ActiveCfg = Development
		{17A4F875-324B-43D8-9D12-E601FE185896}.Development|Default.Build.0 = Development
		{17A4F875-324B-43D8-9D12-E601FE185896}.Development|Default.Deploy.0 = Development
	EndGlobalSection
	GlobalSection(SolutionProperties) = preSolution
		HideSolutionNode = FALSE
	EndGlobalSection
	GlobalSection(ExtensibilityGlobals) = postSolution
		SolutionGuid = {46CD34DC-6F4C-45D0-B9C0-611B82ACAE65}
	EndGlobalSection
EndGlobal
